{
  "name": "corrandom",
  "version": "1.0.0",
  "lockfileVersion": 1,
  "requires": true,
  "dependencies": {
    "arrayindexoverflow": {
      "version": "1.0.1",
      "resolved": "https://registry.npmjs.org/arrayindexoverflow/-/arrayindexoverflow-1.0.1.tgz",
      "integrity": "sha512-EZGSRvtAMdiOSKocCHoS4JELZMBNaQvDrQIst2xsCZZ/pBmtrw1/h+Bz88RrAI5EcWBneUSG822cCABQUgghmA=="
    },
    "seedrandom": {
      "version": "2.4.4",
      "resolved": "https://registry.npmjs.org/seedrandom/-/seedrandom-2.4.4.tgz",
      "integrity": "sha512-9A+PDmgm+2du77B5i0Ip2cxOqqHjgNxnBgglxLcX78A2D6c2rTo61z4jnVABpF4cKeDMDG+cmXXvdnqse2VqMA=="
    },
    "shuffle-seed": {
      "version": "1.1.6",
      "resolved": "https://registry.npmjs.org/shuffle-seed/-/shuffle-seed-1.1.6.tgz",
      "integrity": "sha1-UzwSaDurO0+j6HUfxOViFGdEJgs=",
      "requires": {
        "seedrandom": "^2.4.2"
      }
    },
    "zero-fill": {
      "version": "2.2.4",
      "resolved": "https://registry.npmjs.org/zero-fill/-/zero-fill-2.2.4.tgz",
      "integrity": "sha512-/N5GEDauLHz2uGnuJXWO1Wfib4EC+q4yp9C1jojM7RubwEKADqIqMcYpETMm1lRop403fi3v1qTOdgDE8DIOdw=="
    }
  }
}
